
Microsoft Visual Studio Solution File, Format Version 12.00
# Visual Studio Version 17
VisualStudioVersion = 17.3.32519.111
MinimumVisualStudioVersion = 10.0.40219.1
Project("{9A19103F-16F7-4668-BE54-9A1E7A4F7556}") = "04.Dockerpanel布局", "04.Dockerpanel布局\04.Dockerpanel布局.csproj", "{C1AD4B43-B570-4CDA-9072-60C949707B0D}"
EndProject
Project("{9A19103F-16F7-4668-BE54-9A1E7A4F7556}") = "04.uniform布局", "04.uniform布局\04.uniform布局.csproj", "{25060B6E-1345-4E36-AC0E-9E6ACCC44646}"
EndProject
Project("{9A19103F-16F7-4668-BE54-9A1E7A4F7556}") = "05.布局作业", "05.布局作业\05.布局作业.csproj", "{0C504C23-A780-433A-8EFE-D0398D4E9C59}"
EndProject
Project("{9A19103F-16F7-4668-BE54-9A1E7A4F7556}") = "06.样式基础", "06.样式基础\06.样式基础.csproj", "{51C6D272-D205-42A5-BB9E-2F94D14A2C4D}"
EndProject
Project("{9A19103F-16F7-4668-BE54-9A1E7A4F7556}") = "07.控件模板基础", "07.控件模板基础\07.控件模板基础.csproj", "{4012BE32-749A-40E0-A34B-0A1475C7D2CC}"
EndProject
Project("{9A19103F-16F7-4668-BE54-9A1E7A4F7556}") = "08.数据模板", "08.数据模板\08.数据模板.csproj", "{5E571607-2B27-4DC0-99D5-DF5FBCD72451}"
EndProject
Project("{9A19103F-16F7-4668-BE54-9A1E7A4F7556}") = "01.Grid布局", "01.Grid布局\01.Grid布局.csproj", "{D128B292-BE55-4D0D-B89C-F960B1710B4F}"
EndProject
Project("{9A19103F-16F7-4668-BE54-9A1E7A4F7556}") = "02.StackPanel布局", "02.StackPanel布局\02.StackPanel布局.csproj", "{FC251759-029E-44CF-8372-89FA6F3E706D}"
EndProject
Project("{9A19103F-16F7-4668-BE54-9A1E7A4F7556}") = "03.wrappanel布局", "03.wrappanel布局\03.wrappanel布局.csproj", "{328D7966-98C2-46B1-B477-8F0093DF29B5}"
EndProject
Project("{9A19103F-16F7-4668-BE54-9A1E7A4F7556}") = "09.WPF绑定", "09.WPF绑定\09.WPF绑定.csproj", "{A61A4C54-D3B2-4B97-BE76-9EDD5CB563E4}"
EndProject
Project("{9A19103F-16F7-4668-BE54-9A1E7A4F7556}") = "10.WPF命令", "10.WPF命令\10.WPF命令.csproj", "{767EF0C0-3445-409A-B6E1-B79C3EC853AE}"
EndProject
Project("{9A19103F-16F7-4668-BE54-9A1E7A4F7556}") = "11.MVVM框架", "11.MVVM框架\11.MVVM框架.csproj", "{23FEF864-3E33-4C97-A390-BFBD6E4C619B}"
EndProject
Project("{9A19103F-16F7-4668-BE54-9A1E7A4F7556}") = "12.资源基础", "12.资源基础\12.资源基础.csproj", "{52A4D484-2C13-4108-9740-BF19F6DC8CD4}"
EndProject
Project("{9A19103F-16F7-4668-BE54-9A1E7A4F7556}") = "13.作业-小盒子", "13.作业-小盒子\13.作业-小盒子.csproj", "{9ADC6FA2-36DE-4202-B6A0-9600AB17FCE0}"
EndProject
Project("{9A19103F-16F7-4668-BE54-9A1E7A4F7556}") = "14.控件ToolTip", "13.控件ToolTip\14.控件ToolTip.csproj", "{086BA216-7AF9-42F9-919E-2CB2271E6C4E}"
EndProject
Project("{9A19103F-16F7-4668-BE54-9A1E7A4F7556}") = "15.控件GroupBox", "15.控件GroupBox\15.控件GroupBox.csproj", "{2144893C-5E83-4CEC-95AE-7A526615A72E}"
EndProject
Project("{9A19103F-16F7-4668-BE54-9A1E7A4F7556}") = "16.控件Expand", "16.控件Expand\16.控件Expand.csproj", "{786B3FC9-735B-4613-97F3-EF36C707B718}"
EndProject
Project("{9A19103F-16F7-4668-BE54-9A1E7A4F7556}") = "17.控件Frame", "17.控件Frame\17.控件Frame.csproj", "{AE7BE6C4-61C9-41A3-9466-B3FED7243530}"
EndProject
Project("{9A19103F-16F7-4668-BE54-9A1E7A4F7556}") = "18.控件RichTextBox", "18.控件RichTextBox\18.控件RichTextBox.csproj", "{A5EDA525-CB27-4C85-8157-B2BFB7F96D39}"
EndProject
Project("{9A19103F-16F7-4668-BE54-9A1E7A4F7556}") = "19.控件ComboBox", "19.控件ComboBox\19.控件ComboBox.csproj", "{2AECD6A7-4019-4FB7-A09D-8B638A4ECF5D}"
EndProject
Project("{9A19103F-16F7-4668-BE54-9A1E7A4F7556}") = "20.webview2", "20.webview2\20.webview2.csproj", "{F4296B8F-D685-4F8B-84F9-D46E6F1A4DA0}"
EndProject
Project("{9A19103F-16F7-4668-BE54-9A1E7A4F7556}") = "21.webviewChrome内核", "21.webviewChrome内核\21.webviewChrome内核.csproj", "{4B3966A7-2DAD-44C3-A39D-E4C180F6F2DA}"
EndProject
Project("{FAE04EC0-301F-11D3-BF4B-00C04F79EFBC}") = "22.小盒子framework", "小盒子framework\22.小盒子framework.csproj", "{EA65E80E-A986-4334-8687-0193C5C76731}"
EndProject
Project("{FAE04EC0-301F-11D3-BF4B-00C04F79EFBC}") = "23.登录窗体", "登录窗体\23.登录窗体.csproj", "{1A1D83E1-D17E-4953-8877-A239E91CE324}"
EndProject
Project("{FAE04EC0-301F-11D3-BF4B-00C04F79EFBC}") = "24.动画基础", "24.动画基础\24.动画基础.csproj", "{95E8777B-DD74-4BA7-B921-59F59FF11E77}"
EndProject
Project("{FAE04EC0-301F-11D3-BF4B-00C04F79EFBC}") = "25.渐变色", "15.渐变色\25.渐变色.csproj", "{F52B51C7-A000-4B19-8672-B8AF8B87626F}"
EndProject
Project("{FAE04EC0-301F-11D3-BF4B-00C04F79EFBC}") = "26.动画故事板XAML实现", "26.动画故事板XAML实现\26.动画故事板XAML实现.csproj", "{BAB53AFC-433B-4485-B8CB-616BD6C21ECF}"
EndProject
Project("{FAE04EC0-301F-11D3-BF4B-00C04F79EFBC}") = "27.动画样式触发器实现", "27.动画样式触发器实现\27.动画样式触发器实现.csproj", "{A37E07DA-9092-4EE1-B197-A9A6C2C87686}"
EndProject
Project("{FAE04EC0-301F-11D3-BF4B-00C04F79EFBC}") = "28.动画.故事板控制播放", "28.动画.故事板控制播放\28.动画.故事板控制播放.csproj", "{D2E3364F-6904-4525-B809-FB82661F630D}"
EndProject
Project("{FAE04EC0-301F-11D3-BF4B-00C04F79EFBC}") = "29.代码实现故事板", "29.代码实现故事板\29.代码实现故事板.csproj", "{BD2BF876-4E0C-4A55-8BC1-C51CFB289C5E}"
EndProject
Project("{FAE04EC0-301F-11D3-BF4B-00C04F79EFBC}") = "30.framework版本demo", "30.framework版本demo\30.framework版本demo.csproj", "{7FC0417B-CCCF-40B5-9913-99B2A2C9E3A6}"
EndProject
Project("{FAE04EC0-301F-11D3-BF4B-00C04F79EFBC}") = "31.MvvmLightDemo", "31.MvvmLightDemo\31.MvvmLightDemo.csproj", "{94415C9C-E2A2-499A-AAD6-8BB313F33D13}"
EndProject
Project("{FAE04EC0-301F-11D3-BF4B-00C04F79EFBC}") = "32.控件DataGrid", "32.控件DataGrid\32.控件DataGrid.csproj", "{65913882-30DC-4D40-A3E4-45AA7422BEC4}"
EndProject
Project("{FAE04EC0-301F-11D3-BF4B-00C04F79EFBC}") = "33.布局作业", "33.布局作业\33.布局作业.csproj", "{3D376726-2164-4520-B8C5-58A534248F71}"
EndProject
Project("{9A19103F-16F7-4668-BE54-9A1E7A4F7556}") = "34.界面中切换不同的page", "34.界面中切换不同的page\34.界面中切换不同的page.csproj", "{4ABD781D-84C2-4E09-99E5-9901E1F0BC27}"
EndProject
Project("{9A19103F-16F7-4668-BE54-9A1E7A4F7556}") = "测试", "测试\测试.csproj", "{8D3B62A4-C153-4A8C-8914-B839B5422A51}"
EndProject
Project("{FAE04EC0-301F-11D3-BF4B-00C04F79EFBC}") = "35.仿网易云音乐", "35.仿网易云音乐\35.仿网易云音乐.csproj", "{957947D3-5320-459F-935C-FAD21719E75F}"
EndProject
Project("{FAE04EC0-301F-11D3-BF4B-00C04F79EFBC}") = "36.轮播器", "36.轮播器\36.轮播器.csproj", "{5DFE47A2-3B35-4E81-ABAA-D4690024809B}"
EndProject
Project("{FAE04EC0-301F-11D3-BF4B-00C04F79EFBC}") = "37.触发器", "37.触发器\37.触发器.csproj", "{1C88AA8A-FEF5-413E-8EB0-5DDA19EE59B0}"
EndProject
Project("{FAE04EC0-301F-11D3-BF4B-00C04F79EFBC}") = "38.依赖项属性", "38.依赖项属性\38.依赖项属性.csproj", "{364990D5-6F94-4F74-A0AB-7A0CF5A0DF73}"
EndProject
Project("{FAE04EC0-301F-11D3-BF4B-00C04F79EFBC}") = "39.路由事件", "39.路由事件\39.路由事件.csproj", "{0A1CE88B-6FBC-439C-9AF9-234C9055EEFB}"
EndProject
Project("{FAE04EC0-301F-11D3-BF4B-00C04F79EFBC}") = "40.资源", "40.资源\40.资源.csproj", "{B12EF9CE-4188-4FD0-81AB-3EFFF42E0B29}"
EndProject
Project("{FAE04EC0-301F-11D3-BF4B-00C04F79EFBC}") = "41.形状，画刷，变换", "41.形状，画刷，变换\41.形状，画刷，变换.csproj", "{702C6BC9-58CA-44A7-901F-C41EE083DD5F}"
EndProject
Project("{FAE04EC0-301F-11D3-BF4B-00C04F79EFBC}") = "42.定时关机", "42.定时关机\42.定时关机.csproj", "{0507ACFE-B56B-496C-B8E9-DC5F76F15B7D}"
EndProject
Project("{FAE04EC0-301F-11D3-BF4B-00C04F79EFBC}") = "43.windows工具集", "43.windows工具集\43.windows工具集.csproj", "{6698FDCF-E812-4B7A-A803-F3E41AE1898B}"
EndProject
Project("{FAE04EC0-301F-11D3-BF4B-00C04F79EFBC}") = "44.调用cmd执行命令", "44.调用cmd执行命令\44.调用cmd执行命令.csproj", "{D7C8CE04-A869-413E-A94F-69C5D95FEC06}"
EndProject
Project("{FAE04EC0-301F-11D3-BF4B-00C04F79EFBC}") = "45.获取windows网卡信息", "45.获取windows网卡信息\45.获取windows网卡信息.csproj", "{F1A46567-6FF1-40E9-B62D-B9D143CEE5C0}"
EndProject
Project("{FAE04EC0-301F-11D3-BF4B-00C04F79EFBC}") = "46.menu组件", "46.menu组件\46.menu组件.csproj", "{3DF685FC-6A07-4183-AA23-11E6FEB51805}"
EndProject
Project("{FAE04EC0-301F-11D3-BF4B-00C04F79EFBC}") = "46.控件ListBox", "46.控件ListBox\46.控件ListBox.csproj", "{330B8F0C-7BDF-46A0-9F54-3B660F9040BF}"
EndProject
Project("{FAE04EC0-301F-11D3-BF4B-00C04F79EFBC}") = "47.ListBoxmvvm模式美化", "47.ListBoxmvvm模式美化\47.ListBoxmvvm模式美化.csproj", "{90396A45-545E-4E8A-BBBF-6A405CCB34D5}"
EndProject
Project("{FAE04EC0-301F-11D3-BF4B-00C04F79EFBC}") = "48.plane", "48.plane\48.plane.csproj", "{9E424156-EE25-4314-AB31-106CBC996F1C}"
EndProject
Global
	GlobalSection(SolutionConfigurationPlatforms) = preSolution
		Debug|Any CPU = Debug|Any CPU
		Debug|x86 = Debug|x86
		Release|Any CPU = Release|Any CPU
		Release|x86 = Release|x86
	EndGlobalSection
	GlobalSection(ProjectConfigurationPlatforms) = postSolution
		{C1AD4B43-B570-4CDA-9072-60C949707B0D}.Debug|Any CPU.ActiveCfg = Debug|Any CPU
		{C1AD4B43-B570-4CDA-9072-60C949707B0D}.Debug|Any CPU.Build.0 = Debug|Any CPU
		{C1AD4B43-B570-4CDA-9072-60C949707B0D}.Debug|x86.ActiveCfg = Debug|x86
		{C1AD4B43-B570-4CDA-9072-60C949707B0D}.Debug|x86.Build.0 = Debug|x86
		{C1AD4B43-B570-4CDA-9072-60C949707B0D}.Release|Any CPU.ActiveCfg = Release|Any CPU
		{C1AD4B43-B570-4CDA-9072-60C949707B0D}.Release|Any CPU.Build.0 = Release|Any CPU
		{C1AD4B43-B570-4CDA-9072-60C949707B0D}.Release|x86.ActiveCfg = Release|x86
		{C1AD4B43-B570-4CDA-9072-60C949707B0D}.Release|x86.Build.0 = Release|x86
		{25060B6E-1345-4E36-AC0E-9E6ACCC44646}.Debug|Any CPU.ActiveCfg = Debug|Any CPU
		{25060B6E-1345-4E36-AC0E-9E6ACCC44646}.Debug|Any CPU.Build.0 = Debug|Any CPU
		{25060B6E-1345-4E36-AC0E-9E6ACCC44646}.Debug|x86.ActiveCfg = Debug|x86
		{25060B6E-1345-4E36-AC0E-9E6ACCC44646}.Debug|x86.Build.0 = Debug|x86
		{25060B6E-1345-4E36-AC0E-9E6ACCC44646}.Release|Any CPU.ActiveCfg = Release|Any CPU
		{25060B6E-1345-4E36-AC0E-9E6ACCC44646}.Release|Any CPU.Build.0 = Release|Any CPU
		{25060B6E-1345-4E36-AC0E-9E6ACCC44646}.Release|x86.ActiveCfg = Release|x86
		{25060B6E-1345-4E36-AC0E-9E6ACCC44646}.Release|x86.Build.0 = Release|x86
		{0C504C23-A780-433A-8EFE-D0398D4E9C59}.Debug|Any CPU.ActiveCfg = Debug|Any CPU
		{0C504C23-A780-433A-8EFE-D0398D4E9C59}.Debug|Any CPU.Build.0 = Debug|Any CPU
		{0C504C23-A780-433A-8EFE-D0398D4E9C59}.Debug|x86.ActiveCfg = Debug|Any CPU
		{0C504C23-A780-433A-8EFE-D0398D4E9C59}.Debug|x86.Build.0 = Debug|Any CPU
		{0C504C23-A780-433A-8EFE-D0398D4E9C59}.Release|Any CPU.ActiveCfg = Release|Any CPU
		{0C504C23-A780-433A-8EFE-D0398D4E9C59}.Release|Any CPU.Build.0 = Release|Any CPU
		{0C504C23-A780-433A-8EFE-D0398D4E9C59}.Release|x86.ActiveCfg = Release|Any CPU
		{0C504C23-A780-433A-8EFE-D0398D4E9C59}.Release|x86.Build.0 = Release|Any CPU
		{51C6D272-D205-42A5-BB9E-2F94D14A2C4D}.Debug|Any CPU.ActiveCfg = Debug|Any CPU
		{51C6D272-D205-42A5-BB9E-2F94D14A2C4D}.Debug|Any CPU.Build.0 = Debug|Any CPU
		{51C6D272-D205-42A5-BB9E-2F94D14A2C4D}.Debug|x86.ActiveCfg = Debug|x86
		{51C6D272-D205-42A5-BB9E-2F94D14A2C4D}.Debug|x86.Build.0 = Debug|x86
		{51C6D272-D205-42A5-BB9E-2F94D14A2C4D}.Release|Any CPU.ActiveCfg = Release|Any CPU
		{51C6D272-D205-42A5-BB9E-2F94D14A2C4D}.Release|Any CPU.Build.0 = Release|Any CPU
		{51C6D272-D205-42A5-BB9E-2F94D14A2C4D}.Release|x86.ActiveCfg = Release|x86
		{51C6D272-D205-42A5-BB9E-2F94D14A2C4D}.Release|x86.Build.0 = Release|x86
		{4012BE32-749A-40E0-A34B-0A1475C7D2CC}.Debug|Any CPU.ActiveCfg = Debug|Any CPU
		{4012BE32-749A-40E0-A34B-0A1475C7D2CC}.Debug|Any CPU.Build.0 = Debug|Any CPU
		{4012BE32-749A-40E0-A34B-0A1475C7D2CC}.Debug|x86.ActiveCfg = Debug|x86
		{4012BE32-749A-40E0-A34B-0A1475C7D2CC}.Debug|x86.Build.0 = Debug|x86
		{4012BE32-749A-40E0-A34B-0A1475C7D2CC}.Release|Any CPU.ActiveCfg = Release|Any CPU
		{4012BE32-749A-40E0-A34B-0A1475C7D2CC}.Release|Any CPU.Build.0 = Release|Any CPU
		{4012BE32-749A-40E0-A34B-0A1475C7D2CC}.Release|x86.ActiveCfg = Release|x86
		{4012BE32-749A-40E0-A34B-0A1475C7D2CC}.Release|x86.Build.0 = Release|x86
		{5E571607-2B27-4DC0-99D5-DF5FBCD72451}.Debug|Any CPU.ActiveCfg = Debug|Any CPU
		{5E571607-2B27-4DC0-99D5-DF5FBCD72451}.Debug|Any CPU.Build.0 = Debug|Any CPU
		{5E571607-2B27-4DC0-99D5-DF5FBCD72451}.Debug|x86.ActiveCfg = Debug|x86
		{5E571607-2B27-4DC0-99D5-DF5FBCD72451}.Debug|x86.Build.0 = Debug|x86
		{5E571607-2B27-4DC0-99D5-DF5FBCD72451}.Release|Any CPU.ActiveCfg = Release|Any CPU
		{5E571607-2B27-4DC0-99D5-DF5FBCD72451}.Release|Any CPU.Build.0 = Release|Any CPU
		{5E571607-2B27-4DC0-99D5-DF5FBCD72451}.Release|x86.ActiveCfg = Release|x86
		{5E571607-2B27-4DC0-99D5-DF5FBCD72451}.Release|x86.Build.0 = Release|x86
		{D128B292-BE55-4D0D-B89C-F960B1710B4F}.Debug|Any CPU.ActiveCfg = Debug|Any CPU
		{D128B292-BE55-4D0D-B89C-F960B1710B4F}.Debug|Any CPU.Build.0 = Debug|Any CPU
		{D128B292-BE55-4D0D-B89C-F960B1710B4F}.Debug|x86.ActiveCfg = Debug|x86
		{D128B292-BE55-4D0D-B89C-F960B1710B4F}.Debug|x86.Build.0 = Debug|x86
		{D128B292-BE55-4D0D-B89C-F960B1710B4F}.Release|Any CPU.ActiveCfg = Release|Any CPU
		{D128B292-BE55-4D0D-B89C-F960B1710B4F}.Release|Any CPU.Build.0 = Release|Any CPU
		{D128B292-BE55-4D0D-B89C-F960B1710B4F}.Release|x86.ActiveCfg = Release|x86
		{D128B292-BE55-4D0D-B89C-F960B1710B4F}.Release|x86.Build.0 = Release|x86
		{FC251759-029E-44CF-8372-89FA6F3E706D}.Debug|Any CPU.ActiveCfg = Debug|Any CPU
		{FC251759-029E-44CF-8372-89FA6F3E706D}.Debug|Any CPU.Build.0 = Debug|Any CPU
		{FC251759-029E-44CF-8372-89FA6F3E706D}.Debug|x86.ActiveCfg = Debug|x86
		{FC251759-029E-44CF-8372-89FA6F3E706D}.Debug|x86.Build.0 = Debug|x86
		{FC251759-029E-44CF-8372-89FA6F3E706D}.Release|Any CPU.ActiveCfg = Release|Any CPU
		{FC251759-029E-44CF-8372-89FA6F3E706D}.Release|Any CPU.Build.0 = Release|Any CPU
		{FC251759-029E-44CF-8372-89FA6F3E706D}.Release|x86.ActiveCfg = Release|x86
		{FC251759-029E-44CF-8372-89FA6F3E706D}.Release|x86.Build.0 = Release|x86
		{328D7966-98C2-46B1-B477-8F0093DF29B5}.Debug|Any CPU.ActiveCfg = Debug|Any CPU
		{328D7966-98C2-46B1-B477-8F0093DF29B5}.Debug|Any CPU.Build.0 = Debug|Any CPU
		{328D7966-98C2-46B1-B477-8F0093DF29B5}.Debug|x86.ActiveCfg = Debug|x86
		{328D7966-98C2-46B1-B477-8F0093DF29B5}.Debug|x86.Build.0 = Debug|x86
		{328D7966-98C2-46B1-B477-8F0093DF29B5}.Release|Any CPU.ActiveCfg = Release|Any CPU
		{328D7966-98C2-46B1-B477-8F0093DF29B5}.Release|Any CPU.Build.0 = Release|Any CPU
		{328D7966-98C2-46B1-B477-8F0093DF29B5}.Release|x86.ActiveCfg = Release|x86
		{328D7966-98C2-46B1-B477-8F0093DF29B5}.Release|x86.Build.0 = Release|x86
		{A61A4C54-D3B2-4B97-BE76-9EDD5CB563E4}.Debug|Any CPU.ActiveCfg = Debug|Any CPU
		{A61A4C54-D3B2-4B97-BE76-9EDD5CB563E4}.Debug|Any CPU.Build.0 = Debug|Any CPU
		{A61A4C54-D3B2-4B97-BE76-9EDD5CB563E4}.Debug|x86.ActiveCfg = Debug|x86
		{A61A4C54-D3B2-4B97-BE76-9EDD5CB563E4}.Debug|x86.Build.0 = Debug|x86
		{A61A4C54-D3B2-4B97-BE76-9EDD5CB563E4}.Release|Any CPU.ActiveCfg = Release|Any CPU
		{A61A4C54-D3B2-4B97-BE76-9EDD5CB563E4}.Release|Any CPU.Build.0 = Release|Any CPU
		{A61A4C54-D3B2-4B97-BE76-9EDD5CB563E4}.Release|x86.ActiveCfg = Release|x86
		{A61A4C54-D3B2-4B97-BE76-9EDD5CB563E4}.Release|x86.Build.0 = Release|x86
		{767EF0C0-3445-409A-B6E1-B79C3EC853AE}.Debug|Any CPU.ActiveCfg = Debug|Any CPU
		{767EF0C0-3445-409A-B6E1-B79C3EC853AE}.Debug|Any CPU.Build.0 = Debug|Any CPU
		{767EF0C0-3445-409A-B6E1-B79C3EC853AE}.Debug|x86.ActiveCfg = Debug|x86
		{767EF0C0-3445-409A-B6E1-B79C3EC853AE}.Debug|x86.Build.0 = Debug|x86
		{767EF0C0-3445-409A-B6E1-B79C3EC853AE}.Release|Any CPU.ActiveCfg = Release|Any CPU
		{767EF0C0-3445-409A-B6E1-B79C3EC853AE}.Release|Any CPU.Build.0 = Release|Any CPU
		{767EF0C0-3445-409A-B6E1-B79C3EC853AE}.Release|x86.ActiveCfg = Release|x86
		{767EF0C0-3445-409A-B6E1-B79C3EC853AE}.Release|x86.Build.0 = Release|x86
		{23FEF864-3E33-4C97-A390-BFBD6E4C619B}.Debug|Any CPU.ActiveCfg = Debug|Any CPU
		{23FEF864-3E33-4C97-A390-BFBD6E4C619B}.Debug|Any CPU.Build.0 = Debug|Any CPU
		{23FEF864-3E33-4C97-A390-BFBD6E4C619B}.Debug|x86.ActiveCfg = Debug|x86
		{23FEF864-3E33-4C97-A390-BFBD6E4C619B}.Debug|x86.Build.0 = Debug|x86
		{23FEF864-3E33-4C97-A390-BFBD6E4C619B}.Release|Any CPU.ActiveCfg = Release|Any CPU
		{23FEF864-3E33-4C97-A390-BFBD6E4C619B}.Release|Any CPU.Build.0 = Release|Any CPU
		{23FEF864-3E33-4C97-A390-BFBD6E4C619B}.Release|x86.ActiveCfg = Release|x86
		{23FEF864-3E33-4C97-A390-BFBD6E4C619B}.Release|x86.Build.0 = Release|x86
		{52A4D484-2C13-4108-9740-BF19F6DC8CD4}.Debug|Any CPU.ActiveCfg = Debug|Any CPU
		{52A4D484-2C13-4108-9740-BF19F6DC8CD4}.Debug|Any CPU.Build.0 = Debug|Any CPU
		{52A4D484-2C13-4108-9740-BF19F6DC8CD4}.Debug|x86.ActiveCfg = Debug|x86
		{52A4D484-2C13-4108-9740-BF19F6DC8CD4}.Debug|x86.Build.0 = Debug|x86
		{52A4D484-2C13-4108-9740-BF19F6DC8CD4}.Release|Any CPU.ActiveCfg = Release|Any CPU
		{52A4D484-2C13-4108-9740-BF19F6DC8CD4}.Release|Any CPU.Build.0 = Release|Any CPU
		{52A4D484-2C13-4108-9740-BF19F6DC8CD4}.Release|x86.ActiveCfg = Release|x86
		{52A4D484-2C13-4108-9740-BF19F6DC8CD4}.Release|x86.Build.0 = Release|x86
		{9ADC6FA2-36DE-4202-B6A0-9600AB17FCE0}.Debug|Any CPU.ActiveCfg = Release|Any CPU
		{9ADC6FA2-36DE-4202-B6A0-9600AB17FCE0}.Debug|Any CPU.Build.0 = Release|Any CPU
		{9ADC6FA2-36DE-4202-B6A0-9600AB17FCE0}.Debug|x86.ActiveCfg = Debug|x86
		{9ADC6FA2-36DE-4202-B6A0-9600AB17FCE0}.Debug|x86.Build.0 = Debug|x86
		{9ADC6FA2-36DE-4202-B6A0-9600AB17FCE0}.Release|Any CPU.ActiveCfg = Release|Any CPU
		{9ADC6FA2-36DE-4202-B6A0-9600AB17FCE0}.Release|Any CPU.Build.0 = Release|Any CPU
		{9ADC6FA2-36DE-4202-B6A0-9600AB17FCE0}.Release|x86.ActiveCfg = Release|x86
		{9ADC6FA2-36DE-4202-B6A0-9600AB17FCE0}.Release|x86.Build.0 = Release|x86
		{086BA216-7AF9-42F9-919E-2CB2271E6C4E}.Debug|Any CPU.ActiveCfg = Debug|Any CPU
		{086BA216-7AF9-42F9-919E-2CB2271E6C4E}.Debug|Any CPU.Build.0 = Debug|Any CPU
		{086BA216-7AF9-42F9-919E-2CB2271E6C4E}.Debug|x86.ActiveCfg = Debug|x86
		{086BA216-7AF9-42F9-919E-2CB2271E6C4E}.Debug|x86.Build.0 = Debug|x86
		{086BA216-7AF9-42F9-919E-2CB2271E6C4E}.Release|Any CPU.ActiveCfg = Release|Any CPU
		{086BA216-7AF9-42F9-919E-2CB2271E6C4E}.Release|Any CPU.Build.0 = Release|Any CPU
		{086BA216-7AF9-42F9-919E-2CB2271E6C4E}.Release|x86.ActiveCfg = Release|x86
		{086BA216-7AF9-42F9-919E-2CB2271E6C4E}.Release|x86.Build.0 = Release|x86
		{2144893C-5E83-4CEC-95AE-7A526615A72E}.Debug|Any CPU.ActiveCfg = Debug|Any CPU
		{2144893C-5E83-4CEC-95AE-7A526615A72E}.Debug|Any CPU.Build.0 = Debug|Any CPU
		{2144893C-5E83-4CEC-95AE-7A526615A72E}.Debug|x86.ActiveCfg = Debug|x86
		{2144893C-5E83-4CEC-95AE-7A526615A72E}.Debug|x86.Build.0 = Debug|x86
		{2144893C-5E83-4CEC-95AE-7A526615A72E}.Release|Any CPU.ActiveCfg = Release|Any CPU
		{2144893C-5E83-4CEC-95AE-7A526615A72E}.Release|Any CPU.Build.0 = Release|Any CPU
		{2144893C-5E83-4CEC-95AE-7A526615A72E}.Release|x86.ActiveCfg = Release|x86
		{2144893C-5E83-4CEC-95AE-7A526615A72E}.Release|x86.Build.0 = Release|x86
		{786B3FC9-735B-4613-97F3-EF36C707B718}.Debug|Any CPU.ActiveCfg = Debug|Any CPU
		{786B3FC9-735B-4613-97F3-EF36C707B718}.Debug|Any CPU.Build.0 = Debug|Any CPU
		{786B3FC9-735B-4613-97F3-EF36C707B718}.Debug|x86.ActiveCfg = Debug|x86
		{786B3FC9-735B-4613-97F3-EF36C707B718}.Debug|x86.Build.0 = Debug|x86
		{786B3FC9-735B-4613-97F3-EF36C707B718}.Release|Any CPU.ActiveCfg = Release|Any CPU
		{786B3FC9-735B-4613-97F3-EF36C707B718}.Release|Any CPU.Build.0 = Release|Any CPU
		{786B3FC9-735B-4613-97F3-EF36C707B718}.Release|x86.ActiveCfg = Release|x86
		{786B3FC9-735B-4613-97F3-EF36C707B718}.Release|x86.Build.0 = Release|x86
		{AE7BE6C4-61C9-41A3-9466-B3FED7243530}.Debug|Any CPU.ActiveCfg = Debug|Any CPU
		{AE7BE6C4-61C9-41A3-9466-B3FED7243530}.Debug|Any CPU.Build.0 = Debug|Any CPU
		{AE7BE6C4-61C9-41A3-9466-B3FED7243530}.Debug|x86.ActiveCfg = Debug|x86
		{AE7BE6C4-61C9-41A3-9466-B3FED7243530}.Debug|x86.Build.0 = Debug|x86
		{AE7BE6C4-61C9-41A3-9466-B3FED7243530}.Release|Any CPU.ActiveCfg = Release|Any CPU
		{AE7BE6C4-61C9-41A3-9466-B3FED7243530}.Release|Any CPU.Build.0 = Release|Any CPU
		{AE7BE6C4-61C9-41A3-9466-B3FED7243530}.Release|x86.ActiveCfg = Release|x86
		{AE7BE6C4-61C9-41A3-9466-B3FED7243530}.Release|x86.Build.0 = Release|x86
		{A5EDA525-CB27-4C85-8157-B2BFB7F96D39}.Debug|Any CPU.ActiveCfg = Debug|Any CPU
		{A5EDA525-CB27-4C85-8157-B2BFB7F96D39}.Debug|Any CPU.Build.0 = Debug|Any CPU
		{A5EDA525-CB27-4C85-8157-B2BFB7F96D39}.Debug|x86.ActiveCfg = Debug|x86
		{A5EDA525-CB27-4C85-8157-B2BFB7F96D39}.Debug|x86.Build.0 = Debug|x86
		{A5EDA525-CB27-4C85-8157-B2BFB7F96D39}.Release|Any CPU.ActiveCfg = Release|Any CPU
		{A5EDA525-CB27-4C85-8157-B2BFB7F96D39}.Release|Any CPU.Build.0 = Release|Any CPU
		{A5EDA525-CB27-4C85-8157-B2BFB7F96D39}.Release|x86.ActiveCfg = Release|x86
		{A5EDA525-CB27-4C85-8157-B2BFB7F96D39}.Release|x86.Build.0 = Release|x86
		{2AECD6A7-4019-4FB7-A09D-8B638A4ECF5D}.Debug|Any CPU.ActiveCfg = Debug|Any CPU
		{2AECD6A7-4019-4FB7-A09D-8B638A4ECF5D}.Debug|Any CPU.Build.0 = Debug|Any CPU
		{2AECD6A7-4019-4FB7-A09D-8B638A4ECF5D}.Debug|x86.ActiveCfg = Debug|x86
		{2AECD6A7-4019-4FB7-A09D-8B638A4ECF5D}.Debug|x86.Build.0 = Debug|x86
		{2AECD6A7-4019-4FB7-A09D-8B638A4ECF5D}.Release|Any CPU.ActiveCfg = Release|Any CPU
		{2AECD6A7-4019-4FB7-A09D-8B638A4ECF5D}.Release|Any CPU.Build.0 = Release|Any CPU
		{2AECD6A7-4019-4FB7-A09D-8B638A4ECF5D}.Release|x86.ActiveCfg = Release|x86
		{2AECD6A7-4019-4FB7-A09D-8B638A4ECF5D}.Release|x86.Build.0 = Release|x86
		{F4296B8F-D685-4F8B-84F9-D46E6F1A4DA0}.Debug|Any CPU.ActiveCfg = Release|Any CPU
		{F4296B8F-D685-4F8B-84F9-D46E6F1A4DA0}.Debug|Any CPU.Build.0 = Release|Any CPU
		{F4296B8F-D685-4F8B-84F9-D46E6F1A4DA0}.Debug|x86.ActiveCfg = Debug|x86
		{F4296B8F-D685-4F8B-84F9-D46E6F1A4DA0}.Debug|x86.Build.0 = Debug|x86
		{F4296B8F-D685-4F8B-84F9-D46E6F1A4DA0}.Release|Any CPU.ActiveCfg = Release|Any CPU
		{F4296B8F-D685-4F8B-84F9-D46E6F1A4DA0}.Release|Any CPU.Build.0 = Release|Any CPU
		{F4296B8F-D685-4F8B-84F9-D46E6F1A4DA0}.Release|x86.ActiveCfg = Debug|Any CPU
		{F4296B8F-D685-4F8B-84F9-D46E6F1A4DA0}.Release|x86.Build.0 = Debug|Any CPU
		{4B3966A7-2DAD-44C3-A39D-E4C180F6F2DA}.Debug|Any CPU.ActiveCfg = Release|Any CPU
		{4B3966A7-2DAD-44C3-A39D-E4C180F6F2DA}.Debug|Any CPU.Build.0 = Release|Any CPU
		{4B3966A7-2DAD-44C3-A39D-E4C180F6F2DA}.Debug|x86.ActiveCfg = Debug|x86
		{4B3966A7-2DAD-44C3-A39D-E4C180F6F2DA}.Debug|x86.Build.0 = Debug|x86
		{4B3966A7-2DAD-44C3-A39D-E4C180F6F2DA}.Release|Any CPU.ActiveCfg = Release|Any CPU
		{4B3966A7-2DAD-44C3-A39D-E4C180F6F2DA}.Release|Any CPU.Build.0 = Release|Any CPU
		{4B3966A7-2DAD-44C3-A39D-E4C180F6F2DA}.Release|x86.ActiveCfg = Release|x86
		{4B3966A7-2DAD-44C3-A39D-E4C180F6F2DA}.Release|x86.Build.0 = Release|x86
		{EA65E80E-A986-4334-8687-0193C5C76731}.Debug|Any CPU.ActiveCfg = Debug|Any CPU
		{EA65E80E-A986-4334-8687-0193C5C76731}.Debug|Any CPU.Build.0 = Debug|Any CPU
		{EA65E80E-A986-4334-8687-0193C5C76731}.Debug|x86.ActiveCfg = Debug|Any CPU
		{EA65E80E-A986-4334-8687-0193C5C76731}.Debug|x86.Build.0 = Debug|Any CPU
		{EA65E80E-A986-4334-8687-0193C5C76731}.Release|Any CPU.ActiveCfg = Release|Any CPU
		{EA65E80E-A986-4334-8687-0193C5C76731}.Release|Any CPU.Build.0 = Release|Any CPU
		{EA65E80E-A986-4334-8687-0193C5C76731}.Release|x86.ActiveCfg = Release|Any CPU
		{EA65E80E-A986-4334-8687-0193C5C76731}.Release|x86.Build.0 = Release|Any CPU
		{1A1D83E1-D17E-4953-8877-A239E91CE324}.Debug|Any CPU.ActiveCfg = Debug|Any CPU
		{1A1D83E1-D17E-4953-8877-A239E91CE324}.Debug|Any CPU.Build.0 = Debug|Any CPU
		{1A1D83E1-D17E-4953-8877-A239E91CE324}.Debug|x86.ActiveCfg = Debug|Any CPU
		{1A1D83E1-D17E-4953-8877-A239E91CE324}.Debug|x86.Build.0 = Debug|Any CPU
		{1A1D83E1-D17E-4953-8877-A239E91CE324}.Release|Any CPU.ActiveCfg = Release|Any CPU
		{1A1D83E1-D17E-4953-8877-A239E91CE324}.Release|Any CPU.Build.0 = Release|Any CPU
		{1A1D83E1-D17E-4953-8877-A239E91CE324}.Release|x86.ActiveCfg = Release|Any CPU
		{1A1D83E1-D17E-4953-8877-A239E91CE324}.Release|x86.Build.0 = Release|Any CPU
		{95E8777B-DD74-4BA7-B921-59F59FF11E77}.Debug|Any CPU.ActiveCfg = Debug|Any CPU
		{95E8777B-DD74-4BA7-B921-59F59FF11E77}.Debug|Any CPU.Build.0 = Debug|Any CPU
		{95E8777B-DD74-4BA7-B921-59F59FF11E77}.Debug|x86.ActiveCfg = Debug|Any CPU
		{95E8777B-DD74-4BA7-B921-59F59FF11E77}.Debug|x86.Build.0 = Debug|Any CPU
		{95E8777B-DD74-4BA7-B921-59F59FF11E77}.Release|Any CPU.ActiveCfg = Release|Any CPU
		{95E8777B-DD74-4BA7-B921-59F59FF11E77}.Release|Any CPU.Build.0 = Release|Any CPU
		{95E8777B-DD74-4BA7-B921-59F59FF11E77}.Release|x86.ActiveCfg = Release|Any CPU
		{95E8777B-DD74-4BA7-B921-59F59FF11E77}.Release|x86.Build.0 = Release|Any CPU
		{F52B51C7-A000-4B19-8672-B8AF8B87626F}.Debug|Any CPU.ActiveCfg = Debug|Any CPU
		{F52B51C7-A000-4B19-8672-B8AF8B87626F}.Debug|Any CPU.Build.0 = Debug|Any CPU
		{F52B51C7-A000-4B19-8672-B8AF8B87626F}.Debug|x86.ActiveCfg = Debug|Any CPU
		{F52B51C7-A000-4B19-8672-B8AF8B87626F}.Debug|x86.Build.0 = Debug|Any CPU
		{F52B51C7-A000-4B19-8672-B8AF8B87626F}.Release|Any CPU.ActiveCfg = Release|Any CPU
		{F52B51C7-A000-4B19-8672-B8AF8B87626F}.Release|Any CPU.Build.0 = Release|Any CPU
		{F52B51C7-A000-4B19-8672-B8AF8B87626F}.Release|x86.ActiveCfg = Release|Any CPU
		{F52B51C7-A000-4B19-8672-B8AF8B87626F}.Release|x86.Build.0 = Release|Any CPU
		{BAB53AFC-433B-4485-B8CB-616BD6C21ECF}.Debug|Any CPU.ActiveCfg = Debug|Any CPU
		{BAB53AFC-433B-4485-B8CB-616BD6C21ECF}.Debug|Any CPU.Build.0 = Debug|Any CPU
		{BAB53AFC-433B-4485-B8CB-616BD6C21ECF}.Debug|x86.ActiveCfg = Debug|Any CPU
		{BAB53AFC-433B-4485-B8CB-616BD6C21ECF}.Debug|x86.Build.0 = Debug|Any CPU
		{BAB53AFC-433B-4485-B8CB-616BD6C21ECF}.Release|Any CPU.ActiveCfg = Release|Any CPU
		{BAB53AFC-433B-4485-B8CB-616BD6C21ECF}.Release|Any CPU.Build.0 = Release|Any CPU
		{BAB53AFC-433B-4485-B8CB-616BD6C21ECF}.Release|x86.ActiveCfg = Release|Any CPU
		{BAB53AFC-433B-4485-B8CB-616BD6C21ECF}.Release|x86.Build.0 = Release|Any CPU
		{A37E07DA-9092-4EE1-B197-A9A6C2C87686}.Debug|Any CPU.ActiveCfg = Debug|Any CPU
		{A37E07DA-9092-4EE1-B197-A9A6C2C87686}.Debug|Any CPU.Build.0 = Debug|Any CPU
		{A37E07DA-9092-4EE1-B197-A9A6C2C87686}.Debug|x86.ActiveCfg = Debug|Any CPU
		{A37E07DA-9092-4EE1-B197-A9A6C2C87686}.Debug|x86.Build.0 = Debug|Any CPU
		{A37E07DA-9092-4EE1-B197-A9A6C2C87686}.Release|Any CPU.ActiveCfg = Release|Any CPU
		{A37E07DA-9092-4EE1-B197-A9A6C2C87686}.Release|Any CPU.Build.0 = Release|Any CPU
		{A37E07DA-9092-4EE1-B197-A9A6C2C87686}.Release|x86.ActiveCfg = Release|Any CPU
		{A37E07DA-9092-4EE1-B197-A9A6C2C87686}.Release|x86.Build.0 = Release|Any CPU
		{D2E3364F-6904-4525-B809-FB82661F630D}.Debug|Any CPU.ActiveCfg = Debug|Any CPU
		{D2E3364F-6904-4525-B809-FB82661F630D}.Debug|Any CPU.Build.0 = Debug|Any CPU
		{D2E3364F-6904-4525-B809-FB82661F630D}.Debug|x86.ActiveCfg = Debug|Any CPU
		{D2E3364F-6904-4525-B809-FB82661F630D}.Debug|x86.Build.0 = Debug|Any CPU
		{D2E3364F-6904-4525-B809-FB82661F630D}.Release|Any CPU.ActiveCfg = Release|Any CPU
		{D2E3364F-6904-4525-B809-FB82661F630D}.Release|Any CPU.Build.0 = Release|Any CPU
		{D2E3364F-6904-4525-B809-FB82661F630D}.Release|x86.ActiveCfg = Release|Any CPU
		{D2E3364F-6904-4525-B809-FB82661F630D}.Release|x86.Build.0 = Release|Any CPU
		{BD2BF876-4E0C-4A55-8BC1-C51CFB289C5E}.Debug|Any CPU.ActiveCfg = Debug|Any CPU
		{BD2BF876-4E0C-4A55-8BC1-C51CFB289C5E}.Debug|Any CPU.Build.0 = Debug|Any CPU
		{BD2BF876-4E0C-4A55-8BC1-C51CFB289C5E}.Debug|x86.ActiveCfg = Debug|Any CPU
		{BD2BF876-4E0C-4A55-8BC1-C51CFB289C5E}.Debug|x86.Build.0 = Debug|Any CPU
		{BD2BF876-4E0C-4A55-8BC1-C51CFB289C5E}.Release|Any CPU.ActiveCfg = Release|Any CPU
		{BD2BF876-4E0C-4A55-8BC1-C51CFB289C5E}.Release|Any CPU.Build.0 = Release|Any CPU
		{BD2BF876-4E0C-4A55-8BC1-C51CFB289C5E}.Release|x86.ActiveCfg = Release|Any CPU
		{BD2BF876-4E0C-4A55-8BC1-C51CFB289C5E}.Release|x86.Build.0 = Release|Any CPU
		{7FC0417B-CCCF-40B5-9913-99B2A2C9E3A6}.Debug|Any CPU.ActiveCfg = Debug|Any CPU
		{7FC0417B-CCCF-40B5-9913-99B2A2C9E3A6}.Debug|Any CPU.Build.0 = Debug|Any CPU
		{7FC0417B-CCCF-40B5-9913-99B2A2C9E3A6}.Debug|x86.ActiveCfg = Debug|Any CPU
		{7FC0417B-CCCF-40B5-9913-99B2A2C9E3A6}.Debug|x86.Build.0 = Debug|Any CPU
		{7FC0417B-CCCF-40B5-9913-99B2A2C9E3A6}.Release|Any CPU.ActiveCfg = Release|Any CPU
		{7FC0417B-CCCF-40B5-9913-99B2A2C9E3A6}.Release|Any CPU.Build.0 = Release|Any CPU
		{7FC0417B-CCCF-40B5-9913-99B2A2C9E3A6}.Release|x86.ActiveCfg = Release|Any CPU
		{7FC0417B-CCCF-40B5-9913-99B2A2C9E3A6}.Release|x86.Build.0 = Release|Any CPU
		{94415C9C-E2A2-499A-AAD6-8BB313F33D13}.Debug|Any CPU.ActiveCfg = Debug|Any CPU
		{94415C9C-E2A2-499A-AAD6-8BB313F33D13}.Debug|Any CPU.Build.0 = Debug|Any CPU
		{94415C9C-E2A2-499A-AAD6-8BB313F33D13}.Debug|x86.ActiveCfg = Debug|Any CPU
		{94415C9C-E2A2-499A-AAD6-8BB313F33D13}.Debug|x86.Build.0 = Debug|Any CPU
		{94415C9C-E2A2-499A-AAD6-8BB313F33D13}.Release|Any CPU.ActiveCfg = Release|Any CPU
		{94415C9C-E2A2-499A-AAD6-8BB313F33D13}.Release|Any CPU.Build.0 = Release|Any CPU
		{94415C9C-E2A2-499A-AAD6-8BB313F33D13}.Release|x86.ActiveCfg = Release|Any CPU
		{94415C9C-E2A2-499A-AAD6-8BB313F33D13}.Release|x86.Build.0 = Release|Any CPU
		{65913882-30DC-4D40-A3E4-45AA7422BEC4}.Debug|Any CPU.ActiveCfg = Debug|Any CPU
		{65913882-30DC-4D40-A3E4-45AA7422BEC4}.Debug|Any CPU.Build.0 = Debug|Any CPU
		{65913882-30DC-4D40-A3E4-45AA7422BEC4}.Debug|x86.ActiveCfg = Debug|Any CPU
		{65913882-30DC-4D40-A3E4-45AA7422BEC4}.Debug|x86.Build.0 = Debug|Any CPU
		{65913882-30DC-4D40-A3E4-45AA7422BEC4}.Release|Any CPU.ActiveCfg = Release|Any CPU
		{65913882-30DC-4D40-A3E4-45AA7422BEC4}.Release|Any CPU.Build.0 = Release|Any CPU
		{65913882-30DC-4D40-A3E4-45AA7422BEC4}.Release|x86.ActiveCfg = Release|Any CPU
		{65913882-30DC-4D40-A3E4-45AA7422BEC4}.Release|x86.Build.0 = Release|Any CPU
		{3D376726-2164-4520-B8C5-58A534248F71}.Debug|Any CPU.ActiveCfg = Debug|Any CPU
		{3D376726-2164-4520-B8C5-58A534248F71}.Debug|Any CPU.Build.0 = Debug|Any CPU
		{3D376726-2164-4520-B8C5-58A534248F71}.Debug|x86.ActiveCfg = Debug|Any CPU
		{3D376726-2164-4520-B8C5-58A534248F71}.Debug|x86.Build.0 = Debug|Any CPU
		{3D376726-2164-4520-B8C5-58A534248F71}.Release|Any CPU.ActiveCfg = Release|Any CPU
		{3D376726-2164-4520-B8C5-58A534248F71}.Release|Any CPU.Build.0 = Release|Any CPU
		{3D376726-2164-4520-B8C5-58A534248F71}.Release|x86.ActiveCfg = Release|Any CPU
		{3D376726-2164-4520-B8C5-58A534248F71}.Release|x86.Build.0 = Release|Any CPU
		{4ABD781D-84C2-4E09-99E5-9901E1F0BC27}.Debug|Any CPU.ActiveCfg = Debug|Any CPU
		{4ABD781D-84C2-4E09-99E5-9901E1F0BC27}.Debug|Any CPU.Build.0 = Debug|Any CPU
		{4ABD781D-84C2-4E09-99E5-9901E1F0BC27}.Debug|x86.ActiveCfg = Debug|Any CPU
		{4ABD781D-84C2-4E09-99E5-9901E1F0BC27}.Debug|x86.Build.0 = Debug|Any CPU
		{4ABD781D-84C2-4E09-99E5-9901E1F0BC27}.Release|Any CPU.ActiveCfg = Release|Any CPU
		{4ABD781D-84C2-4E09-99E5-9901E1F0BC27}.Release|Any CPU.Build.0 = Release|Any CPU
		{4ABD781D-84C2-4E09-99E5-9901E1F0BC27}.Release|x86.ActiveCfg = Release|Any CPU
		{4ABD781D-84C2-4E09-99E5-9901E1F0BC27}.Release|x86.Build.0 = Release|Any CPU
		{8D3B62A4-C153-4A8C-8914-B839B5422A51}.Debug|Any CPU.ActiveCfg = Debug|Any CPU
		{8D3B62A4-C153-4A8C-8914-B839B5422A51}.Debug|Any CPU.Build.0 = Debug|Any CPU
		{8D3B62A4-C153-4A8C-8914-B839B5422A51}.Debug|x86.ActiveCfg = Debug|Any CPU
		{8D3B62A4-C153-4A8C-8914-B839B5422A51}.Debug|x86.Build.0 = Debug|Any CPU
		{8D3B62A4-C153-4A8C-8914-B839B5422A51}.Release|Any CPU.ActiveCfg = Release|Any CPU
		{8D3B62A4-C153-4A8C-8914-B839B5422A51}.Release|Any CPU.Build.0 = Release|Any CPU
		{8D3B62A4-C153-4A8C-8914-B839B5422A51}.Release|x86.ActiveCfg = Release|Any CPU
		{8D3B62A4-C153-4A8C-8914-B839B5422A51}.Release|x86.Build.0 = Release|Any CPU
		{957947D3-5320-459F-935C-FAD21719E75F}.Debug|Any CPU.ActiveCfg = Debug|Any CPU
		{957947D3-5320-459F-935C-FAD21719E75F}.Debug|Any CPU.Build.0 = Debug|Any CPU
		{957947D3-5320-459F-935C-FAD21719E75F}.Debug|x86.ActiveCfg = Debug|Any CPU
		{957947D3-5320-459F-935C-FAD21719E75F}.Debug|x86.Build.0 = Debug|Any CPU
		{957947D3-5320-459F-935C-FAD21719E75F}.Release|Any CPU.ActiveCfg = Release|Any CPU
		{957947D3-5320-459F-935C-FAD21719E75F}.Release|Any CPU.Build.0 = Release|Any CPU
		{957947D3-5320-459F-935C-FAD21719E75F}.Release|x86.ActiveCfg = Release|Any CPU
		{957947D3-5320-459F-935C-FAD21719E75F}.Release|x86.Build.0 = Release|Any CPU
		{5DFE47A2-3B35-4E81-ABAA-D4690024809B}.Debug|Any CPU.ActiveCfg = Debug|Any CPU
		{5DFE47A2-3B35-4E81-ABAA-D4690024809B}.Debug|Any CPU.Build.0 = Debug|Any CPU
		{5DFE47A2-3B35-4E81-ABAA-D4690024809B}.Debug|x86.ActiveCfg = Debug|Any CPU
		{5DFE47A2-3B35-4E81-ABAA-D4690024809B}.Debug|x86.Build.0 = Debug|Any CPU
		{5DFE47A2-3B35-4E81-ABAA-D4690024809B}.Release|Any CPU.ActiveCfg = Release|Any CPU
		{5DFE47A2-3B35-4E81-ABAA-D4690024809B}.Release|Any CPU.Build.0 = Release|Any CPU
		{5DFE47A2-3B35-4E81-ABAA-D4690024809B}.Release|x86.ActiveCfg = Release|Any CPU
		{5DFE47A2-3B35-4E81-ABAA-D4690024809B}.Release|x86.Build.0 = Release|Any CPU
		{1C88AA8A-FEF5-413E-8EB0-5DDA19EE59B0}.Debug|Any CPU.ActiveCfg = Debug|Any CPU
		{1C88AA8A-FEF5-413E-8EB0-5DDA19EE59B0}.Debug|Any CPU.Build.0 = Debug|Any CPU
		{1C88AA8A-FEF5-413E-8EB0-5DDA19EE59B0}.Debug|x86.ActiveCfg = Debug|Any CPU
		{1C88AA8A-FEF5-413E-8EB0-5DDA19EE59B0}.Debug|x86.Build.0 = Debug|Any CPU
		{1C88AA8A-FEF5-413E-8EB0-5DDA19EE59B0}.Release|Any CPU.ActiveCfg = Release|Any CPU
		{1C88AA8A-FEF5-413E-8EB0-5DDA19EE59B0}.Release|Any CPU.Build.0 = Release|Any CPU
		{1C88AA8A-FEF5-413E-8EB0-5DDA19EE59B0}.Release|x86.ActiveCfg = Release|Any CPU
		{1C88AA8A-FEF5-413E-8EB0-5DDA19EE59B0}.Release|x86.Build.0 = Release|Any CPU
		{364990D5-6F94-4F74-A0AB-7A0CF5A0DF73}.Debug|Any CPU.ActiveCfg = Debug|Any CPU
		{364990D5-6F94-4F74-A0AB-7A0CF5A0DF73}.Debug|Any CPU.Build.0 = Debug|Any CPU
		{364990D5-6F94-4F74-A0AB-7A0CF5A0DF73}.Debug|x86.ActiveCfg = Debug|Any CPU
		{364990D5-6F94-4F74-A0AB-7A0CF5A0DF73}.Debug|x86.Build.0 = Debug|Any CPU
		{364990D5-6F94-4F74-A0AB-7A0CF5A0DF73}.Release|Any CPU.ActiveCfg = Release|Any CPU
		{364990D5-6F94-4F74-A0AB-7A0CF5A0DF73}.Release|Any CPU.Build.0 = Release|Any CPU
		{364990D5-6F94-4F74-A0AB-7A0CF5A0DF73}.Release|x86.ActiveCfg = Release|Any CPU
		{364990D5-6F94-4F74-A0AB-7A0CF5A0DF73}.Release|x86.Build.0 = Release|Any CPU
		{0A1CE88B-6FBC-439C-9AF9-234C9055EEFB}.Debug|Any CPU.ActiveCfg = Debug|Any CPU
		{0A1CE88B-6FBC-439C-9AF9-234C9055EEFB}.Debug|Any CPU.Build.0 = Debug|Any CPU
		{0A1CE88B-6FBC-439C-9AF9-234C9055EEFB}.Debug|x86.ActiveCfg = Debug|Any CPU
		{0A1CE88B-6FBC-439C-9AF9-234C9055EEFB}.Debug|x86.Build.0 = Debug|Any CPU
		{0A1CE88B-6FBC-439C-9AF9-234C9055EEFB}.Release|Any CPU.ActiveCfg = Release|Any CPU
		{0A1CE88B-6FBC-439C-9AF9-234C9055EEFB}.Release|Any CPU.Build.0 = Release|Any CPU
		{0A1CE88B-6FBC-439C-9AF9-234C9055EEFB}.Release|x86.ActiveCfg = Release|Any CPU
		{0A1CE88B-6FBC-439C-9AF9-234C9055EEFB}.Release|x86.Build.0 = Release|Any CPU
		{B12EF9CE-4188-4FD0-81AB-3EFFF42E0B29}.Debug|Any CPU.ActiveCfg = Debug|Any CPU
		{B12EF9CE-4188-4FD0-81AB-3EFFF42E0B29}.Debug|Any CPU.Build.0 = Debug|Any CPU
		{B12EF9CE-4188-4FD0-81AB-3EFFF42E0B29}.Debug|x86.ActiveCfg = Debug|Any CPU
		{B12EF9CE-4188-4FD0-81AB-3EFFF42E0B29}.Debug|x86.Build.0 = Debug|Any CPU
		{B12EF9CE-4188-4FD0-81AB-3EFFF42E0B29}.Release|Any CPU.ActiveCfg = Release|Any CPU
		{B12EF9CE-4188-4FD0-81AB-3EFFF42E0B29}.Release|Any CPU.Build.0 = Release|Any CPU
		{B12EF9CE-4188-4FD0-81AB-3EFFF42E0B29}.Release|x86.ActiveCfg = Release|Any CPU
		{B12EF9CE-4188-4FD0-81AB-3EFFF42E0B29}.Release|x86.Build.0 = Release|Any CPU
		{702C6BC9-58CA-44A7-901F-C41EE083DD5F}.Debug|Any CPU.ActiveCfg = Debug|Any CPU
		{702C6BC9-58CA-44A7-901F-C41EE083DD5F}.Debug|Any CPU.Build.0 = Debug|Any CPU
		{702C6BC9-58CA-44A7-901F-C41EE083DD5F}.Debug|x86.ActiveCfg = Debug|Any CPU
		{702C6BC9-58CA-44A7-901F-C41EE083DD5F}.Debug|x86.Build.0 = Debug|Any CPU
		{702C6BC9-58CA-44A7-901F-C41EE083DD5F}.Release|Any CPU.ActiveCfg = Release|Any CPU
		{702C6BC9-58CA-44A7-901F-C41EE083DD5F}.Release|Any CPU.Build.0 = Release|Any CPU
		{702C6BC9-58CA-44A7-901F-C41EE083DD5F}.Release|x86.ActiveCfg = Release|Any CPU
		{702C6BC9-58CA-44A7-901F-C41EE083DD5F}.Release|x86.Build.0 = Release|Any CPU
		{0507ACFE-B56B-496C-B8E9-DC5F76F15B7D}.Debug|Any CPU.ActiveCfg = Debug|Any CPU
		{0507ACFE-B56B-496C-B8E9-DC5F76F15B7D}.Debug|Any CPU.Build.0 = Debug|Any CPU
		{0507ACFE-B56B-496C-B8E9-DC5F76F15B7D}.Debug|x86.ActiveCfg = Debug|Any CPU
		{0507ACFE-B56B-496C-B8E9-DC5F76F15B7D}.Debug|x86.Build.0 = Debug|Any CPU
		{0507ACFE-B56B-496C-B8E9-DC5F76F15B7D}.Release|Any CPU.ActiveCfg = Release|Any CPU
		{0507ACFE-B56B-496C-B8E9-DC5F76F15B7D}.Release|Any CPU.Build.0 = Release|Any CPU
		{0507ACFE-B56B-496C-B8E9-DC5F76F15B7D}.Release|x86.ActiveCfg = Release|Any CPU
		{0507ACFE-B56B-496C-B8E9-DC5F76F15B7D}.Release|x86.Build.0 = Release|Any CPU
		{6698FDCF-E812-4B7A-A803-F3E41AE1898B}.Debug|Any CPU.ActiveCfg = Debug|Any CPU
		{6698FDCF-E812-4B7A-A803-F3E41AE1898B}.Debug|Any CPU.Build.0 = Debug|Any CPU
		{6698FDCF-E812-4B7A-A803-F3E41AE1898B}.Debug|x86.ActiveCfg = Debug|Any CPU
		{6698FDCF-E812-4B7A-A803-F3E41AE1898B}.Debug|x86.Build.0 = Debug|Any CPU
		{6698FDCF-E812-4B7A-A803-F3E41AE1898B}.Release|Any CPU.ActiveCfg = Release|Any CPU
		{6698FDCF-E812-4B7A-A803-F3E41AE1898B}.Release|Any CPU.Build.0 = Release|Any CPU
		{6698FDCF-E812-4B7A-A803-F3E41AE1898B}.Release|x86.ActiveCfg = Release|Any CPU
		{6698FDCF-E812-4B7A-A803-F3E41AE1898B}.Release|x86.Build.0 = Release|Any CPU
		{D7C8CE04-A869-413E-A94F-69C5D95FEC06}.Debug|Any CPU.ActiveCfg = Debug|Any CPU
		{D7C8CE04-A869-413E-A94F-69C5D95FEC06}.Debug|Any CPU.Build.0 = Debug|Any CPU
		{D7C8CE04-A869-413E-A94F-69C5D95FEC06}.Debug|x86.ActiveCfg = Debug|Any CPU
		{D7C8CE04-A869-413E-A94F-69C5D95FEC06}.Debug|x86.Build.0 = Debug|Any CPU
		{D7C8CE04-A869-413E-A94F-69C5D95FEC06}.Release|Any CPU.ActiveCfg = Release|Any CPU
		{D7C8CE04-A869-413E-A94F-69C5D95FEC06}.Release|Any CPU.Build.0 = Release|Any CPU
		{D7C8CE04-A869-413E-A94F-69C5D95FEC06}.Release|x86.ActiveCfg = Release|Any CPU
		{D7C8CE04-A869-413E-A94F-69C5D95FEC06}.Release|x86.Build.0 = Release|Any CPU
		{F1A46567-6FF1-40E9-B62D-B9D143CEE5C0}.Debug|Any CPU.ActiveCfg = Debug|Any CPU
		{F1A46567-6FF1-40E9-B62D-B9D143CEE5C0}.Debug|Any CPU.Build.0 = Debug|Any CPU
		{F1A46567-6FF1-40E9-B62D-B9D143CEE5C0}.Debug|x86.ActiveCfg = Debug|Any CPU
		{F1A46567-6FF1-40E9-B62D-B9D143CEE5C0}.Debug|x86.Build.0 = Debug|Any CPU
		{F1A46567-6FF1-40E9-B62D-B9D143CEE5C0}.Release|Any CPU.ActiveCfg = Release|Any CPU
		{F1A46567-6FF1-40E9-B62D-B9D143CEE5C0}.Release|Any CPU.Build.0 = Release|Any CPU
		{F1A46567-6FF1-40E9-B62D-B9D143CEE5C0}.Release|x86.ActiveCfg = Release|Any CPU
		{F1A46567-6FF1-40E9-B62D-B9D143CEE5C0}.Release|x86.Build.0 = Release|Any CPU
		{3DF685FC-6A07-4183-AA23-11E6FEB51805}.Debug|Any CPU.ActiveCfg = Debug|Any CPU
		{3DF685FC-6A07-4183-AA23-11E6FEB51805}.Debug|Any CPU.Build.0 = Debug|Any CPU
		{3DF685FC-6A07-4183-AA23-11E6FEB51805}.Debug|x86.ActiveCfg = Debug|Any CPU
		{3DF685FC-6A07-4183-AA23-11E6FEB51805}.Debug|x86.Build.0 = Debug|Any CPU
		{3DF685FC-6A07-4183-AA23-11E6FEB51805}.Release|Any CPU.ActiveCfg = Release|Any CPU
		{3DF685FC-6A07-4183-AA23-11E6FEB51805}.Release|Any CPU.Build.0 = Release|Any CPU
		{3DF685FC-6A07-4183-AA23-11E6FEB51805}.Release|x86.ActiveCfg = Release|Any CPU
		{3DF685FC-6A07-4183-AA23-11E6FEB51805}.Release|x86.Build.0 = Release|Any CPU
		{330B8F0C-7BDF-46A0-9F54-3B660F9040BF}.Debug|Any CPU.ActiveCfg = Debug|Any CPU
		{330B8F0C-7BDF-46A0-9F54-3B660F9040BF}.Debug|Any CPU.Build.0 = Debug|Any CPU
		{330B8F0C-7BDF-46A0-9F54-3B660F9040BF}.Debug|x86.ActiveCfg = Debug|Any CPU
		{330B8F0C-7BDF-46A0-9F54-3B660F9040BF}.Debug|x86.Build.0 = Debug|Any CPU
		{330B8F0C-7BDF-46A0-9F54-3B660F9040BF}.Release|Any CPU.ActiveCfg = Release|Any CPU
		{330B8F0C-7BDF-46A0-9F54-3B660F9040BF}.Release|Any CPU.Build.0 = Release|Any CPU
		{330B8F0C-7BDF-46A0-9F54-3B660F9040BF}.Release|x86.ActiveCfg = Release|Any CPU
		{330B8F0C-7BDF-46A0-9F54-3B660F9040BF}.Release|x86.Build.0 = Release|Any CPU
		{90396A45-545E-4E8A-BBBF-6A405CCB34D5}.Debug|Any CPU.ActiveCfg = Debug|Any CPU
		{90396A45-545E-4E8A-BBBF-6A405CCB34D5}.Debug|Any CPU.Build.0 = Debug|Any CPU
		{90396A45-545E-4E8A-BBBF-6A405CCB34D5}.Debug|x86.ActiveCfg = Debug|Any CPU
		{90396A45-545E-4E8A-BBBF-6A405CCB34D5}.Debug|x86.Build.0 = Debug|Any CPU
		{90396A45-545E-4E8A-BBBF-6A405CCB34D5}.Release|Any CPU.ActiveCfg = Release|Any CPU
		{90396A45-545E-4E8A-BBBF-6A405CCB34D5}.Release|Any CPU.Build.0 = Release|Any CPU
		{90396A45-545E-4E8A-BBBF-6A405CCB34D5}.Release|x86.ActiveCfg = Release|Any CPU
		{90396A45-545E-4E8A-BBBF-6A405CCB34D5}.Release|x86.Build.0 = Release|Any CPU
		{9E424156-EE25-4314-AB31-106CBC996F1C}.Debug|Any CPU.ActiveCfg = Debug|Any CPU
		{9E424156-EE25-4314-AB31-106CBC996F1C}.Debug|Any CPU.Build.0 = Debug|Any CPU
		{9E424156-EE25-4314-AB31-106CBC996F1C}.Debug|x86.ActiveCfg = Debug|Any CPU
		{9E424156-EE25-4314-AB31-106CBC996F1C}.Debug|x86.Build.0 = Debug|Any CPU
		{9E424156-EE25-4314-AB31-106CBC996F1C}.Release|Any CPU.ActiveCfg = Release|Any CPU
		{9E424156-EE25-4314-AB31-106CBC996F1C}.Release|Any CPU.Build.0 = Release|Any CPU
		{9E424156-EE25-4314-AB31-106CBC996F1C}.Release|x86.ActiveCfg = Release|Any CPU
		{9E424156-EE25-4314-AB31-106CBC996F1C}.Release|x86.Build.0 = Release|Any CPU
	EndGlobalSection
	GlobalSection(SolutionProperties) = preSolution
		HideSolutionNode = FALSE
	EndGlobalSection
	GlobalSection(ExtensibilityGlobals) = postSolution
		SolutionGuid = {7CEED4FF-4781-49B6-93AE-DB4D19EF05E3}
	EndGlobalSection
EndGlobal
